
Microsoft Visual Studio Solution File, Format Version 12.00
# Visual Studio Version 16
VisualStudioVersion = 16.0.30907.101
MinimumVisualStudioVersion = 10.0.40219.1
Project("{FAE04EC0-301F-11D3-BF4B-00C04F79EFBC}") = "Forest", "Forest\Forest.csproj", "{372E7AD8-5577-4DF2-BCCD-C23094FB674C}"
EndProject
Global
	GlobalSection(SolutionConfigurationPlatforms) = preSolution
		Debug|Any CPU = Debug|Any CPU
		Release|Any CPU = Release|Any CPU
	EndGlobalSection
	GlobalSection(ProjectConfigurationPlatforms) = postSolution
		{372E7AD8-5577-4DF2-BCCD-C23094FB674C}.Debug|Any CPU.ActiveCfg = Debug|Any CPU
		{372E7AD8-5577-4DF2-BCCD-C23094FB674C}.Debug|Any CPU.Build.0 = Debug|Any CPU
		{372E7AD8-5577-4DF2-BCCD-C23094FB674C}.Release|Any CPU.ActiveCfg = Release|Any CPU
		{372E7AD8-5577-4DF2-BCCD-C23094FB674C}.Release|Any CPU.Build.0 = Release|Any CPU
	EndGlobalSection
	GlobalSection(SolutionProperties) = preSolution
		HideSolutionNode = FALSE
	EndGlobalSection
	GlobalSection(ExtensibilityGlobals) = postSolution
		SolutionGuid = {B0EA80A7-7224-4E0C-9AC1-BF645A6F6FE7}
	EndGlobalSection
EndGlobal
